
Microsoft Visual Studio Solution File, Format Version 12.00
# Visual Studio 14
VisualStudioVersion = 14.0.23107.0
MinimumVisualStudioVersion = 10.0.40219.1
Project("{FAE04EC0-301F-11D3-BF4B-00C04F79EFBC}") = "Core", "Core\Core.csproj", "{3E471417-1396-4910-A298-2D4C786D8B8A}"
EndProject
Project("{FAE04EC0-301F-11D3-BF4B-00C04F79EFBC}") = "Tests", "Tests\Tests.csproj", "{A9EC4F27-438B-495D-98FB-1334BC80C580}"
EndProject
Global
	GlobalSection(SolutionConfigurationPlatforms) = preSolution
		Debug|Any CPU = Debug|Any CPU
		Release|Any CPU = Release|Any CPU
	EndGlobalSection
	GlobalSection(ProjectConfigurationPlatforms) = postSolution
		{3E471417-1396-4910-A298-2D4C786D8B8A}.Debug|Any CPU.ActiveCfg = Debug|Any CPU
		{3E471417-1396-4910-A298-2D4C786D8B8A}.Debug|Any CPU.Build.0 = Debug|Any CPU
		{3E471417-1396-4910-A298-2D4C786D8B8A}.Release|Any CPU.ActiveCfg = Release|Any CPU
		{3E471417-1396-4910-A298-2D4C786D8B8A}.Release|Any CPU.Build.0 = Release|Any CPU
		{A9EC4F27-438B-495D-98FB-1334BC80C580}.Debug|Any CPU.ActiveCfg = Debug|Any CPU
		{A9EC4F27-438B-495D-98FB-1334BC80C580}.Debug|Any CPU.Build.0 = Debug|Any CPU
		{A9EC4F27-438B-495D-98FB-1334BC80C580}.Release|Any CPU.ActiveCfg = Release|Any CPU
		{A9EC4F27-438B-495D-98FB-1334BC80C580}.Release|Any CPU.Build.0 = Release|Any CPU
	EndGlobalSection
	GlobalSection(SolutionProperties) = preSolution
		HideSolutionNode = FALSE
	EndGlobalSection
EndGlobal
